
Microsoft Visual Studio Solution File, Format Version 12.00
# Visual Studio 2012
Project("{FAE04EC0-301F-11D3-BF4B-00C04F79EFBC}") = "CleanCart.Web", "CleanCart.Web\CleanCart.Web.csproj", "{2A8359C3-C775-4A77-8E9F-26FECD679908}"
EndProject
Project("{FAE04EC0-301F-11D3-BF4B-00C04F79EFBC}") = "CleanCart.Web.Tests", "CleanCart.Web.Tests\CleanCart.Web.Tests.csproj", "{211309E4-70EB-4ACE-889F-BDBF60CEE349}"
EndProject
Project("{2150E333-8FDC-42A3-9474-1A3956D46DE8}") = ".nuget", ".nuget", "{6863AF51-55ED-45F2-A6BB-88E6C9C42DB8}"
	ProjectSection(SolutionItems) = preProject
		.nuget\NuGet.Config = .nuget\NuGet.Config
		.nuget\NuGet.exe = .nuget\NuGet.exe
		.nuget\NuGet.targets = .nuget\NuGet.targets
	EndProjectSection
EndProject
Project("{FAE04EC0-301F-11D3-BF4B-00C04F79EFBC}") = "CleanCart.AcceptanceTests", "CleanCart.AcceptanceTests\CleanCart.AcceptanceTests.csproj", "{AF0F6353-9345-4308-8036-8F485F905D86}"
EndProject
Project("{FAE04EC0-301F-11D3-BF4B-00C04F79EFBC}") = "CleanCart.Domain", "CleanCart.Domain\CleanCart.Domain.csproj", "{44AAA77A-BDDF-4AE5-9509-A08A9EF1FB5B}"
EndProject
Project("{FAE04EC0-301F-11D3-BF4B-00C04F79EFBC}") = "CleanCart.Domain.Tests", "CleanCart.Domain.Tests\CleanCart.Domain.Tests.csproj", "{723C9497-2A2D-45F3-82E8-10839E518E35}"
EndProject
Project("{FAE04EC0-301F-11D3-BF4B-00C04F79EFBC}") = "CleanCart.ApplicationServices.Tests", "CleanCart.ApplicationServices.Tests\CleanCart.ApplicationServices.Tests.csproj", "{1DF553A3-A5F5-40D1-89E1-25A29E11C2F4}"
EndProject
Project("{FAE04EC0-301F-11D3-BF4B-00C04F79EFBC}") = "CleanCart.ApplicationServices", "CleanCart.ApplicationServices\CleanCart.ApplicationServices.csproj", "{E1C9273C-EAB0-4750-BB72-A9D0AB59063A}"
EndProject
Project("{FAE04EC0-301F-11D3-BF4B-00C04F79EFBC}") = "CleanCart.Persistence.FakeInMemory", "CleanCart.Persistence.FakeInMemory\CleanCart.Persistence.FakeInMemory.csproj", "{E1726CB5-79F7-4214-BE80-240F8D42E2A4}"
EndProject
Global
	GlobalSection(SolutionConfigurationPlatforms) = preSolution
		Debug|Any CPU = Debug|Any CPU
		Release|Any CPU = Release|Any CPU
	EndGlobalSection
	GlobalSection(ProjectConfigurationPlatforms) = postSolution
		{2A8359C3-C775-4A77-8E9F-26FECD679908}.Debug|Any CPU.ActiveCfg = Debug|Any CPU
		{2A8359C3-C775-4A77-8E9F-26FECD679908}.Debug|Any CPU.Build.0 = Debug|Any CPU
		{2A8359C3-C775-4A77-8E9F-26FECD679908}.Release|Any CPU.ActiveCfg = Release|Any CPU
		{2A8359C3-C775-4A77-8E9F-26FECD679908}.Release|Any CPU.Build.0 = Release|Any CPU
		{211309E4-70EB-4ACE-889F-BDBF60CEE349}.Debug|Any CPU.ActiveCfg = Debug|Any CPU
		{211309E4-70EB-4ACE-889F-BDBF60CEE349}.Debug|Any CPU.Build.0 = Debug|Any CPU
		{211309E4-70EB-4ACE-889F-BDBF60CEE349}.Release|Any CPU.ActiveCfg = Release|Any CPU
		{211309E4-70EB-4ACE-889F-BDBF60CEE349}.Release|Any CPU.Build.0 = Release|Any CPU
		{AF0F6353-9345-4308-8036-8F485F905D86}.Debug|Any CPU.ActiveCfg = Debug|Any CPU
		{AF0F6353-9345-4308-8036-8F485F905D86}.Debug|Any CPU.Build.0 = Debug|Any CPU
		{AF0F6353-9345-4308-8036-8F485F905D86}.Release|Any CPU.ActiveCfg = Release|Any CPU
		{AF0F6353-9345-4308-8036-8F485F905D86}.Release|Any CPU.Build.0 = Release|Any CPU
		{44AAA77A-BDDF-4AE5-9509-A08A9EF1FB5B}.Debug|Any CPU.ActiveCfg = Debug|Any CPU
		{44AAA77A-BDDF-4AE5-9509-A08A9EF1FB5B}.Debug|Any CPU.Build.0 = Debug|Any CPU
		{44AAA77A-BDDF-4AE5-9509-A08A9EF1FB5B}.Release|Any CPU.ActiveCfg = Release|Any CPU
		{44AAA77A-BDDF-4AE5-9509-A08A9EF1FB5B}.Release|Any CPU.Build.0 = Release|Any CPU
		{723C9497-2A2D-45F3-82E8-10839E518E35}.Debug|Any CPU.ActiveCfg = Debug|Any CPU
		{723C9497-2A2D-45F3-82E8-10839E518E35}.Debug|Any CPU.Build.0 = Debug|Any CPU
		{723C9497-2A2D-45F3-82E8-10839E518E35}.Release|Any CPU.ActiveCfg = Release|Any CPU
		{723C9497-2A2D-45F3-82E8-10839E518E35}.Release|Any CPU.Build.0 = Release|Any CPU
		{1DF553A3-A5F5-40D1-89E1-25A29E11C2F4}.Debug|Any CPU.ActiveCfg = Debug|Any CPU
		{1DF553A3-A5F5-40D1-89E1-25A29E11C2F4}.Debug|Any CPU.Build.0 = Debug|Any CPU
		{1DF553A3-A5F5-40D1-89E1-25A29E11C2F4}.Release|Any CPU.ActiveCfg = Release|Any CPU
		{1DF553A3-A5F5-40D1-89E1-25A29E11C2F4}.Release|Any CPU.Build.0 = Release|Any CPU
		{E1C9273C-EAB0-4750-BB72-A9D0AB59063A}.Debug|Any CPU.ActiveCfg = Debug|Any CPU
		{E1C9273C-EAB0-4750-BB72-A9D0AB59063A}.Debug|Any CPU.Build.0 = Debug|Any CPU
		{E1C9273C-EAB0-4750-BB72-A9D0AB59063A}.Release|Any CPU.ActiveCfg = Release|Any CPU
		{E1C9273C-EAB0-4750-BB72-A9D0AB59063A}.Release|Any CPU.Build.0 = Release|Any CPU
		{E1726CB5-79F7-4214-BE80-240F8D42E2A4}.Debug|Any CPU.ActiveCfg = Debug|Any CPU
		{E1726CB5-79F7-4214-BE80-240F8D42E2A4}.Debug|Any CPU.Build.0 = Debug|Any CPU
		{E1726CB5-79F7-4214-BE80-240F8D42E2A4}.Release|Any CPU.ActiveCfg = Release|Any CPU
		{E1726CB5-79F7-4214-BE80-240F8D42E2A4}.Release|Any CPU.Build.0 = Release|Any CPU
	EndGlobalSection
	GlobalSection(SolutionProperties) = preSolution
		HideSolutionNode = FALSE
	EndGlobalSection
EndGlobal
